<Solution>
  <Folder Name="/src/">
    <Project Path="src/JobTracker.Api/JobTracker.Api.csproj" />
    <Project Path="src/JobTracker.Infrastructure/JobTracker.Infrastructure.csproj" />
    <Project Path="src/JobTracker.Modules.Applications/JobTracker.Modules.Applications.csproj" />
    <Project Path="src/JobTracker.Shared/JobTracker.Shared.csproj" />
  </Folder>
</Solution>
